{
  "name": "project4-kaboom",
  "version": "1.0.0",
  "lockfileVersion": 3,
  "requires": true,
  "packages": {
    "": {
      "name": "project4-kaboom",
      "version": "1.0.0",
      "license": "ISC",
      "dependencies": {
        "kaboom": "^3000.1.8"
      }
    },
    "node_modules/kaboom": {
      "version": "3000.1.8",
      "resolved": "https://registry.npmjs.org/kaboom/-/kaboom-3000.1.8.tgz",
      "integrity": "sha512-jjugkmSQ04yy7J3YZxGxz9JjvsuiycrnIwd0/jrpAT+vop2Lh0p9ZYwq2dgh0y8OZKMwxCNsTCpzWB2TR0IyWw=="
    }
  }
}
